Microsoft Visual Studio Solution File, Format Version 12.00
# Visual Studio Version 17
VisualStudioVersion = 17.5.2.0
MinimumVisualStudioVersion = 10.0.40219.1
Project("{2150E333-8FDC-42A3-9474-1A3956D46DE8}") = "src", "src", "{827E0CD3-B72D-47B6-A68D-7590B98EB39B}"
EndProject
Project("{2150E333-8FDC-42A3-9474-1A3956D46DE8}") = "tests", "tests", "{0AB3BF05-4346-4AA6-1389-037BE0695223}"
EndProject
Project("{FAE04EC0-301F-11D3-BF4B-00C04F79EFBC}") = "SimpleJsonApi", "src\SimpleJsonApi\SimpleJsonApi.csproj", "{A3772A66-9085-CEBE-E538-1CE515901F73}"
EndProject
Project("{FAE04EC0-301F-11D3-BF4B-00C04F79EFBC}") = "SimpleJsonApi.Tests", "tests\SimpleJsonApi.Tests\SimpleJsonApi.Tests.csproj", "{12E8EB05-4C33-B7E2-9D9D-736625EFB8FF}"
EndProject
Global
	GlobalSection(SolutionConfigurationPlatforms) = preSolution
		Debug|Any CPU = Debug|Any CPU
		Release|Any CPU = Release|Any CPU
	EndGlobalSection
	GlobalSection(ProjectConfigurationPlatforms) = postSolution
		{A3772A66-9085-CEBE-E538-1CE515901F73}.Debug|Any CPU.ActiveCfg = Debug|Any CPU
		{A3772A66-9085-CEBE-E538-1CE515901F73}.Debug|Any CPU.Build.0 = Debug|Any CPU
		{A3772A66-9085-CEBE-E538-1CE515901F73}.Release|Any CPU.ActiveCfg = Release|Any CPU
		{A3772A66-9085-CEBE-E538-1CE515901F73}.Release|Any CPU.Build.0 = Release|Any CPU
		{12E8EB05-4C33-B7E2-9D9D-736625EFB8FF}.Debug|Any CPU.ActiveCfg = Debug|Any CPU
		{12E8EB05-4C33-B7E2-9D9D-736625EFB8FF}.Debug|Any CPU.Build.0 = Debug|Any CPU
		{12E8EB05-4C33-B7E2-9D9D-736625EFB8FF}.Release|Any CPU.ActiveCfg = Release|Any CPU
		{12E8EB05-4C33-B7E2-9D9D-736625EFB8FF}.Release|Any CPU.Build.0 = Release|Any CPU
	EndGlobalSection
	GlobalSection(SolutionProperties) = preSolution
		HideSolutionNode = FALSE
	EndGlobalSection
	GlobalSection(NestedProjects) = preSolution
		{A3772A66-9085-CEBE-E538-1CE515901F73} = {827E0CD3-B72D-47B6-A68D-7590B98EB39B}
		{12E8EB05-4C33-B7E2-9D9D-736625EFB8FF} = {0AB3BF05-4346-4AA6-1389-037BE0695223}
	EndGlobalSection
	GlobalSection(ExtensibilityGlobals) = postSolution
		SolutionGuid = {5D2A6AD4-CAAB-4D9F-9298-8BF41DAFB428}
	EndGlobalSection
EndGlobal
